lockfileVersion: '6.0'

settings:
  autoInstallPeers: true
  excludeLinksFromLockfile: false

dependencies:
  detect-browser:
    specifier: ^5.3.0
    version: 5.3.0
  get-browser:
    specifier: ^1.0.2
    version: 1.0.2

devDependencies:
  '@sveltejs/adapter-auto':
    specifier: ^1.0.3
    version: 1.0.3(@sveltejs/kit@1.22.3)
  '@sveltejs/kit':
    specifier: ^1.22.3
    version: 1.22.3(svelte@3.59.2)(vite@4.4.6)
  prettier:
    specifier: ^2.8.8
    version: 2.8.8
  prettier-plugin-svelte:
    specifier: ^2.10.1
    version: 2.10.1(prettier@2.8.8)(svelte@3.59.2)
  svelte:
    specifier: ^3.59.2
    version: 3.59.2
  vite:
    specifier: ^4.4.6
    version: 4.4.6

packages:

  /@esbuild/android-arm64@0.18.16:
    resolution: {integrity: sha512-wsCqSPqLz+6Ov+OM4EthU43DyYVVyfn15S4j1bJzylDpc1r1jZFFfJQNfDuT8SlgwuqpmpJXK4uPlHGw6ve7eA==}
    engines: {node: '>=12'}
    cpu: [arm64]
    os: [android]
    requiresBuild: true
    dev: true
    optional: true

  /@esbuild/android-arm@0.18.16:
    resolution: {integrity: sha512-gCHjjQmA8L0soklKbLKA6pgsLk1byULuHe94lkZDzcO3/Ta+bbeewJioEn1Fr7kgy9NWNFy/C+MrBwC6I/WCug==}
    engines: {node: '>=12'}
    cpu: [arm]
    os: [android]
    requiresBuild: true
    dev: true
    optional: true

  /@esbuild/android-x64@0.18.16:
    resolution: {integrity: sha512-ldsTXolyA3eTQ1//4DS+E15xl0H/3DTRJaRL0/0PgkqDsI0fV/FlOtD+h0u/AUJr+eOTlZv4aC9gvfppo3C4sw==}
    engines: {node: '>=12'}
    cpu: [x64]
    os: [android]
    requiresBuild: true
    dev: true
    optional: true

  /@esbuild/darwin-arm64@0.18.16:
    resolution: {integrity: sha512-aBxruWCII+OtluORR/KvisEw0ALuw/qDQWvkoosA+c/ngC/Kwk0lLaZ+B++LLS481/VdydB2u6tYpWxUfnLAIw==}
    engines: {node: '>=12'}
    cpu: [arm64]
    os: [darwin]
    requiresBuild: true
    dev: true
    optional: true

  /@esbuild/darwin-x64@0.18.16:
    resolution: {integrity: sha512-6w4Dbue280+rp3LnkgmriS1icOUZDyPuZo/9VsuMUTns7SYEiOaJ7Ca1cbhu9KVObAWfmdjUl4gwy9TIgiO5eA==}
    engines: {node: '>=12'}
    cpu: [x64]
    os: [darwin]
    requiresBuild: true
    dev: true
    optional: true

  /@esbuild/freebsd-arm64@0.18.16:
    resolution: {integrity: sha512-x35fCebhe9s979DGKbVAwXUOcTmCIE32AIqB9CB1GralMIvxdnMLAw5CnID17ipEw9/3MvDsusj/cspYt2ZLNQ==}
    engines: {node: '>=12'}
    cpu: [arm64]
    os: [freebsd]
    requiresBuild: true
    dev: true
    optional: true

  /@esbuild/freebsd-x64@0.18.16:
    resolution: {integrity: sha512-YM98f+PeNXF3GbxIJlUsj+McUWG1irguBHkszCIwfr3BXtXZsXo0vqybjUDFfu9a8Wr7uUD/YSmHib+EeGAFlg==}
    engines: {node: '>=12'}
    cpu: [x64]
    os: [freebsd]
    requiresBuild: true
    dev: true
    optional: true

  /@esbuild/linux-arm64@0.18.16:
    resolution: {integrity: sha512-XIqhNUxJiuy+zsR77+H5Z2f7s4YRlriSJKtvx99nJuG5ATuJPjmZ9n0ANgnGlPCpXGSReFpgcJ7O3SMtzIFeiQ==}
    engines: {node: '>=12'}
    cpu: [arm64]
    os: [linux]
    requiresBuild: true
    dev: true
    optional: true

  /@esbuild/linux-arm@0.18.16:
    resolution: {integrity: sha512-b5ABb+5Ha2C9JkeZXV+b+OruR1tJ33ePmv9ZwMeETSEKlmu/WJ45XTTG+l6a2KDsQtJJ66qo/hbSGBtk0XVLHw==}
    engines: {node: '>=12'}
    cpu: [arm]
    os: [linux]
    requiresBuild: true
    dev: true
    optional: true

  /@esbuild/linux-ia32@0.18.16:
    resolution: {integrity: sha512-no+pfEpwnRvIyH+txbBAWtjxPU9grslmTBfsmDndj7bnBmr55rOo/PfQmRfz7Qg9isswt1FP5hBbWb23fRWnow==}
    engines: {node: '>=12'}
    cpu: [ia32]
    os: [linux]
    requiresBuild: true
    dev: true
    optional: true

  /@esbuild/linux-loong64@0.18.16:
    resolution: {integrity: sha512-Zbnczs9ZXjmo0oZSS0zbNlJbcwKXa/fcNhYQjahDs4Xg18UumpXG/lwM2lcSvHS3mTrRyCYZvJbmzYc4laRI1g==}
    engines: {node: '>=12'}
    cpu: [loong64]
    os: [linux]
    requiresBuild: true
    dev: true
    optional: true

  /@esbuild/linux-mips64el@0.18.16:
    resolution: {integrity: sha512-YMF7hih1HVR/hQVa/ot4UVffc5ZlrzEb3k2ip0nZr1w6fnYypll9td2qcoMLvd3o8j3y6EbJM3MyIcXIVzXvQQ==}
    engines: {node: '>=12'}
    cpu: [mips64el]
    os: [linux]
    requiresBuild: true
    dev: true
    optional: true

  /@esbuild/linux-ppc64@0.18.16:
    resolution: {integrity: sha512-Wkz++LZ29lDwUyTSEnzDaaP5OveOgTU69q9IyIw9WqLRxM4BjTBjz9un4G6TOvehWpf/J3gYVFN96TjGHrbcNQ==}
    engines: {node: '>=12'}
    cpu: [ppc64]
    os: [linux]
    requiresBuild: true
    dev: true
    optional: true

  /@esbuild/linux-riscv64@0.18.16:
    resolution: {integrity: sha512-LFMKZ30tk78/mUv1ygvIP+568bwf4oN6reG/uczXnz6SvFn4e2QUFpUpZY9iSJT6Qpgstrhef/nMykIXZtZWGQ==}
    engines: {node: '>=12'}
    cpu: [riscv64]
    os: [linux]
    requiresBuild: true
    dev: true
    optional: true

  /@esbuild/linux-s390x@0.18.16:
    resolution: {integrity: sha512-3ZC0BgyYHYKfZo3AV2/66TD/I9tlSBaW7eWTEIkrQQKfJIifKMMttXl9FrAg+UT0SGYsCRLI35Gwdmm96vlOjg==}
    engines: {node: '>=12'}
    cpu: [s390x]
    os: [linux]
    requiresBuild: true
    dev: true
    optional: true

  /@esbuild/linux-x64@0.18.16:
    resolution: {integrity: sha512-xu86B3647DihHJHv/wx3NCz2Dg1gjQ8bbf9cVYZzWKY+gsvxYmn/lnVlqDRazObc3UMwoHpUhNYaZset4X8IPA==}
    engines: {node: '>=12'}
    cpu: [x64]
    os: [linux]
    requiresBuild: true
    dev: true
    optional: true

  /@esbuild/netbsd-x64@0.18.16:
    resolution: {integrity: sha512-uVAgpimx9Ffw3xowtg/7qQPwHFx94yCje+DoBx+LNm2ePDpQXHrzE+Sb0Si2VBObYz+LcRps15cq+95YM7gkUw==}
    engines: {node: '>=12'}
    cpu: [x64]
    os: [netbsd]
    requiresBuild: true
    dev: true
    optional: true

  /@esbuild/openbsd-x64@0.18.16:
    resolution: {integrity: sha512-6OjCQM9wf7z8/MBi6BOWaTL2AS/SZudsZtBziXMtNI8r/U41AxS9x7jn0ATOwVy08OotwkPqGRMkpPR2wcTJXA==}
    engines: {node: '>=12'}
    cpu: [x64]
    os: [openbsd]
    requiresBuild: true
    dev: true
    optional: true

  /@esbuild/sunos-x64@0.18.16:
    resolution: {integrity: sha512-ZoNkruFYJp9d1LbUYCh8awgQDvB9uOMZqlQ+gGEZR7v6C+N6u7vPr86c+Chih8niBR81Q/bHOSKGBK3brJyvkQ==}
    engines: {node: '>=12'}
    cpu: [x64]
    os: [sunos]
    requiresBuild: true
    dev: true
    optional: true

  /@esbuild/win32-arm64@0.18.16:
    resolution: {integrity: sha512-+j4anzQ9hrs+iqO+/wa8UE6TVkKua1pXUb0XWFOx0FiAj6R9INJ+WE//1/Xo6FG1vB5EpH3ko+XcgwiDXTxcdw==}
    engines: {node: '>=12'}
    cpu: [arm64]
    os: [win32]
    requiresBuild: true
    dev: true
    optional: true

  /@esbuild/win32-ia32@0.18.16:
    resolution: {integrity: sha512-5PFPmq3sSKTp9cT9dzvI67WNfRZGvEVctcZa1KGjDDu4n3H8k59Inbk0du1fz0KrAbKKNpJbdFXQMDUz7BG4rQ==}
    engines: {node: '>=12'}
    cpu: [ia32]
    os: [win32]
    requiresBuild: true
    dev: true
    optional: true

  /@esbuild/win32-x64@0.18.16:
    resolution: {integrity: sha512-sCIVrrtcWN5Ua7jYXNG1xD199IalrbfV2+0k/2Zf2OyV2FtnQnMgdzgpRAbi4AWlKJj1jkX+M+fEGPQj6BQB4w==}
    engines: {node: '>=12'}
    cpu: [x64]
    os: [win32]
    requiresBuild: true
    dev: true
    optional: true

  /@jridgewell/sourcemap-codec@1.4.15:
    resolution: {integrity: sha512-eF2rxCRulEKXHTRiDrDy6erMYWqNw4LPdQ8UQA4huuxaQsVeRPFl2oM8oDGxMFhJUWZf9McpLtJasDDZb/Bpeg==}
    dev: true

  /@polka/url@1.0.0-next.21:
    resolution: {integrity: sha512-a5Sab1C4/icpTZVzZc5Ghpz88yQtGOyNqYXcZgOssB2uuAr+wF/MvN6bgtW32q7HHrvBki+BsZ0OuNv6EV3K9g==}
    dev: true

  /@sveltejs/adapter-auto@1.0.3(@sveltejs/kit@1.22.3):
    resolution: {integrity: sha512-hc7O12YQqvZ1CD4fo1gMJuPzBZvuoG5kwxb2RRoz4fVoB8B2vuPO2cY751Ln0G6T/HMrAf8kCqw6Pg+wbxcstw==}
    peerDependencies:
      '@sveltejs/kit': ^1.0.0
    dependencies:
      '@sveltejs/kit': 1.22.3(svelte@3.59.2)(vite@4.4.6)
      import-meta-resolve: 2.2.2
    dev: true

  /@sveltejs/kit@1.22.3(svelte@3.59.2)(vite@4.4.6):
    resolution: {integrity: sha512-IpHD5wvuoOIHYaHQUBJ1zERD2Iz+fB/rBXhXjl8InKw6X4VKE9BSus+ttHhE7Ke+Ie9ecfilzX8BnWE3FeQyng==}
    engines: {node: ^16.14 || >=18}
    hasBin: true
    requiresBuild: true
    peerDependencies:
      svelte: ^3.54.0 || ^4.0.0-next.0
      vite: ^4.0.0
    dependencies:
      '@sveltejs/vite-plugin-svelte': 2.4.2(svelte@3.59.2)(vite@4.4.6)
      '@types/cookie': 0.5.1
      cookie: 0.5.0
      devalue: 4.3.2
      esm-env: 1.0.0
      kleur: 4.1.5
      magic-string: 0.30.1
      mime: 3.0.0
      sade: 1.8.1
      set-cookie-parser: 2.6.0
      sirv: 2.0.3
      svelte: 3.59.2
      undici: 5.22.1
      vite: 4.4.6
    transitivePeerDependencies:
      - supports-color
    dev: true

  /@sveltejs/vite-plugin-svelte-inspector@1.0.3(@sveltejs/vite-plugin-svelte@2.4.2)(svelte@3.59.2)(vite@4.4.6):
    resolution: {integrity: sha512-Khdl5jmmPN6SUsVuqSXatKpQTMIifoQPDanaxC84m9JxIibWvSABJyHpyys0Z+1yYrxY5TTEQm+6elh0XCMaOA==}
    engines: {node: ^14.18.0 || >= 16}
    peerDependencies:
      '@sveltejs/vite-plugin-svelte': ^2.2.0
      svelte: ^3.54.0 || ^4.0.0
      vite: ^4.0.0
    dependencies:
      '@sveltejs/vite-plugin-svelte': 2.4.2(svelte@3.59.2)(vite@4.4.6)
      debug: 4.3.4
      svelte: 3.59.2
      vite: 4.4.6
    transitivePeerDependencies:
      - supports-color
    dev: true

  /@sveltejs/vite-plugin-svelte@2.4.2(svelte@3.59.2)(vite@4.4.6):
    resolution: {integrity: sha512-ePfcC48ftMKhkT0OFGdOyycYKnnkT6i/buzey+vHRTR/JpQvuPzzhf1PtKqCDQfJRgoPSN2vscXs6gLigx/zGw==}
    engines: {node: ^14.18.0 || >= 16}
    peerDependencies:
      svelte: ^3.54.0 || ^4.0.0
      vite: ^4.0.0
    dependencies:
      '@sveltejs/vite-plugin-svelte-inspector': 1.0.3(@sveltejs/vite-plugin-svelte@2.4.2)(svelte@3.59.2)(vite@4.4.6)
      debug: 4.3.4
      deepmerge: 4.3.1
      kleur: 4.1.5
      magic-string: 0.30.1
      svelte: 3.59.2
      svelte-hmr: 0.15.2(svelte@3.59.2)
      vite: 4.4.6
      vitefu: 0.2.4(vite@4.4.6)
    transitivePeerDependencies:
      - supports-color
    dev: true

  /@types/cookie@0.5.1:
    resolution: {integrity: sha512-COUnqfB2+ckwXXSFInsFdOAWQzCCx+a5hq2ruyj+Vjund94RJQd4LG2u9hnvJrTgunKAaax7ancBYlDrNYxA0g==}
    dev: true

  /busboy@1.6.0:
    resolution: {integrity: sha512-8SFQbg/0hQ9xy3UNTB0YEnsNBbWfhf7RtnzpL7TkBiTBRfrQ9Fxcnz7VJsleJpyp6rVLvXiuORqjlHi5q+PYuA==}
    engines: {node: '>=10.16.0'}
    dependencies:
      streamsearch: 1.1.0
    dev: true

  /cookie@0.5.0:
    resolution: {integrity: sha512-YZ3GUyn/o8gfKJlnlX7g7xq4gyO6OSuhGPKaaGssGB2qgDUS0gPgtTvoyZLTt9Ab6dC4hfc9dV5arkvc/OCmrw==}
    engines: {node: '>= 0.6'}
    dev: true

  /debug@4.3.4:
    resolution: {integrity: sha512-PRWFHuSU3eDtQJPvnNY7Jcket1j0t5OuOsFzPPzsekD52Zl8qUfFIPEiswXqIvHWGVHOgX+7G/vCNNhehwxfkQ==}
    engines: {node: '>=6.0'}
    peerDependencies:
      supports-color: '*'
    peerDependenciesMeta:
      supports-color:
        optional: true
    dependencies:
      ms: 2.1.2
    dev: true

  /deepmerge@4.3.1:
    resolution: {integrity: sha512-3sUqbMEc77XqpdNO7FRyRog+eW3ph+GYCbj+rK+uYyRMuwsVy0rMiVtPn+QJlKFvWP/1PYpapqYn0Me2knFn+A==}
    engines: {node: '>=0.10.0'}
    dev: true

  /detect-browser@5.3.0:
    resolution: {integrity: sha512-53rsFbGdwMwlF7qvCt0ypLM5V5/Mbl0szB7GPN8y9NCcbknYOeVVXdrXEq+90IwAfrrzt6Hd+u2E2ntakICU8w==}
    dev: false

  /devalue@4.3.2:
    resolution: {integrity: sha512-KqFl6pOgOW+Y6wJgu80rHpo2/3H07vr8ntR9rkkFIRETewbf5GaYYcakYfiKz89K+sLsuPkQIZaXDMjUObZwWg==}
    dev: true

  /esbuild@0.18.16:
    resolution: {integrity: sha512-1xLsOXrDqwdHxyXb/x/SOyg59jpf/SH7YMvU5RNSU7z3TInaASNJWNFJ6iRvLvLETZMasF3d1DdZLg7sgRimRQ==}
    engines: {node: '>=12'}
    hasBin: true
    requiresBuild: true
    optionalDependencies:
      '@esbuild/android-arm': 0.18.16
      '@esbuild/android-arm64': 0.18.16
      '@esbuild/android-x64': 0.18.16
      '@esbuild/darwin-arm64': 0.18.16
      '@esbuild/darwin-x64': 0.18.16
      '@esbuild/freebsd-arm64': 0.18.16
      '@esbuild/freebsd-x64': 0.18.16
      '@esbuild/linux-arm': 0.18.16
      '@esbuild/linux-arm64': 0.18.16
      '@esbuild/linux-ia32': 0.18.16
      '@esbuild/linux-loong64': 0.18.16
      '@esbuild/linux-mips64el': 0.18.16
      '@esbuild/linux-ppc64': 0.18.16
      '@esbuild/linux-riscv64': 0.18.16
      '@esbuild/linux-s390x': 0.18.16
      '@esbuild/linux-x64': 0.18.16
      '@esbuild/netbsd-x64': 0.18.16
      '@esbuild/openbsd-x64': 0.18.16
      '@esbuild/sunos-x64': 0.18.16
      '@esbuild/win32-arm64': 0.18.16
      '@esbuild/win32-ia32': 0.18.16
      '@esbuild/win32-x64': 0.18.16
    dev: true

  /esm-env@1.0.0:
    resolution: {integrity: sha512-Cf6VksWPsTuW01vU9Mk/3vRue91Zevka5SjyNf3nEpokFRuqt/KjUQoGAwq9qMmhpLTHmXzSIrFRw8zxWzmFBA==}
    dev: true

  /fsevents@2.3.2:
    resolution: {integrity: sha512-xiqMQR4xAeHTuB9uWm+fFRcIOgKBMiOBP+eXiyT7jsgVCq1bkVygt00oASowB7EdtpOHaaPgKt812P9ab+DDKA==}
    engines: {node: ^8.16.0 || ^10.6.0 || >=11.0.0}
    os: [darwin]
    requiresBuild: true
    dev: true
    optional: true

  /get-browser@1.0.2:
    resolution: {integrity: sha512-ShejpqX4l2s+qwkgThn2b8PSaHK/q3hXKaRRcxmfRnz8VgOk/EOeTjToAHRFC6veQKKpu7VoHpiiSnb+kNcA1w==}
    dev: false

  /import-meta-resolve@2.2.2:
    resolution: {integrity: sha512-f8KcQ1D80V7RnqVm+/lirO9zkOxjGxhaTC1IPrBGd3MEfNgmNG67tSUO9gTi2F3Blr2Az6g1vocaxzkVnWl9MA==}
    dev: true

  /kleur@4.1.5:
    resolution: {integrity: sha512-o+NO+8WrRiQEE4/7nwRJhN1HWpVmJm511pBHUxPLtp0BUISzlBplORYSmTclCnJvQq2tKu/sgl3xVpkc7ZWuQQ==}
    engines: {node: '>=6'}
    dev: true

  /magic-string@0.30.1:
    resolution: {integrity: sha512-mbVKXPmS0z0G4XqFDCTllmDQ6coZzn94aMlb0o/A4HEHJCKcanlDZwYJgwnkmgD3jyWhUgj9VsPrfd972yPffA==}
    engines: {node: '>=12'}
    dependencies:
      '@jridgewell/sourcemap-codec': 1.4.15
    dev: true

  /mime@3.0.0:
    resolution: {integrity: sha512-jSCU7/VB1loIWBZe14aEYHU/+1UMEHoaO7qxCOVJOw9GgH72VAWppxNcjU+x9a2k3GSIBXNKxXQFqRvvZ7vr3A==}
    engines: {node: '>=10.0.0'}
    hasBin: true
    dev: true

  /mri@1.2.0:
    resolution: {integrity: sha512-tzzskb3bG8LvYGFF/mDTpq3jpI6Q9wc3LEmBaghu+DdCssd1FakN7Bc0hVNmEyGq1bq3RgfkCb3cmQLpNPOroA==}
    engines: {node: '>=4'}
    dev: true

  /mrmime@1.0.1:
    resolution: {integrity: sha512-hzzEagAgDyoU1Q6yg5uI+AorQgdvMCur3FcKf7NhMKWsaYg+RnbTyHRa/9IlLF9rf455MOCtcqqrQQ83pPP7Uw==}
    engines: {node: '>=10'}
    dev: true

  /ms@2.1.2:
    resolution: {integrity: sha512-sGkPx+VjMtmA6MX27oA4FBFELFCZZ4S4XqeGOXCv68tT+jb3vk/RyaKWP0PTKyWtmLSM0b+adUTEvbs1PEaH2w==}
    dev: true

  /nanoid@3.3.6:
    resolution: {integrity: sha512-BGcqMMJuToF7i1rt+2PWSNVnWIkGCU78jBG3RxO/bZlnZPK2Cmi2QaffxGO/2RvWi9sL+FAiRiXMgsyxQ1DIDA==}
    engines: {node: ^10 || ^12 || ^13.7 || ^14 || >=15.0.1}
    hasBin: true
    dev: true

  /picocolors@1.0.0:
    resolution: {integrity: sha512-1fygroTLlHu66zi26VoTDv8yRgm0Fccecssto+MhsZ0D/DGW2sm8E8AjW7NU5VVTRt5GxbeZ5qBuJr+HyLYkjQ==}
    dev: true

  /postcss@8.4.27:
    resolution: {integrity: sha512-gY/ACJtJPSmUFPDCHtX78+01fHa64FaU4zaaWfuh1MhGJISufJAH4cun6k/8fwsHYeK4UQmENQK+tRLCFJE8JQ==}
    engines: {node: ^10 || ^12 || >=14}
    dependencies:
      nanoid: 3.3.6
      picocolors: 1.0.0
      source-map-js: 1.0.2
    dev: true

  /prettier-plugin-svelte@2.10.1(prettier@2.8.8)(svelte@3.59.2):
    resolution: {integrity: sha512-Wlq7Z5v2ueCubWo0TZzKc9XHcm7TDxqcuzRuGd0gcENfzfT4JZ9yDlCbEgxWgiPmLHkBjfOtpAWkcT28MCDpUQ==}
    peerDependencies:
      prettier: ^1.16.4 || ^2.0.0
      svelte: ^3.2.0 || ^4.0.0-next.0
    dependencies:
      prettier: 2.8.8
      svelte: 3.59.2
    dev: true

  /prettier@2.8.8:
    resolution: {integrity: sha512-tdN8qQGvNjw4CHbY+XXk0JgCXn9QiF21a55rBe5LJAU+kDyC4WQn4+awm2Xfk2lQMk5fKup9XgzTZtGkjBdP9Q==}
    engines: {node: '>=10.13.0'}
    hasBin: true
    dev: true

  /rollup@3.26.3:
    resolution: {integrity: sha512-7Tin0C8l86TkpcMtXvQu6saWH93nhG3dGQ1/+l5V2TDMceTxO7kDiK6GzbfLWNNxqJXm591PcEZUozZm51ogwQ==}
    engines: {node: '>=14.18.0', npm: '>=8.0.0'}
    hasBin: true
    optionalDependencies:
      fsevents: 2.3.2
    dev: true

  /sade@1.8.1:
    resolution: {integrity: sha512-xal3CZX1Xlo/k4ApwCFrHVACi9fBqJ7V+mwhBsuf/1IOKbBy098Fex+Wa/5QMubw09pSZ/u8EY8PWgevJsXp1A==}
    engines: {node: '>=6'}
    dependencies:
      mri: 1.2.0
    dev: true

  /set-cookie-parser@2.6.0:
    resolution: {integrity: sha512-RVnVQxTXuerk653XfuliOxBP81Sf0+qfQE73LIYKcyMYHG94AuH0kgrQpRDuTZnSmjpysHmzxJXKNfa6PjFhyQ==}
    dev: true

  /sirv@2.0.3:
    resolution: {integrity: sha512-O9jm9BsID1P+0HOi81VpXPoDxYP374pkOLzACAoyUQ/3OUVndNpsz6wMnY2z+yOxzbllCKZrM+9QrWsv4THnyA==}
    engines: {node: '>= 10'}
    dependencies:
      '@polka/url': 1.0.0-next.21
      mrmime: 1.0.1
      totalist: 3.0.1
    dev: true

  /source-map-js@1.0.2:
    resolution: {integrity: sha512-R0XvVJ9WusLiqTCEiGCmICCMplcCkIwwR11mOSD9CR5u+IXYdiseeEuXCVAjS54zqwkLcPNnmU4OeJ6tUrWhDw==}
    engines: {node: '>=0.10.0'}
    dev: true

  /streamsearch@1.1.0:
    resolution: {integrity: sha512-Mcc5wHehp9aXz1ax6bZUyY5afg9u2rv5cqQI3mRrYkGC8rW2hM02jWuwjtL++LS5qinSyhj2QfLyNsuc+VsExg==}
    engines: {node: '>=10.0.0'}
    dev: true

  /svelte-hmr@0.15.2(svelte@3.59.2):
    resolution: {integrity: sha512-q/bAruCvFLwvNbeE1x3n37TYFb3mTBJ6TrCq6p2CoFbSTNhDE9oAtEfpy+wmc9So8AG0Tja+X0/mJzX9tSfvIg==}
    engines: {node: ^12.20 || ^14.13.1 || >= 16}
    peerDependencies:
      svelte: ^3.19.0 || ^4.0.0-next.0
    dependencies:
      svelte: 3.59.2
    dev: true

  /svelte@3.59.2:
    resolution: {integrity: sha512-vzSyuGr3eEoAtT/A6bmajosJZIUWySzY2CzB3w2pgPvnkUjGqlDnsNnA0PMO+mMAhuyMul6C2uuZzY6ELSkzyA==}
    engines: {node: '>= 8'}
    dev: true

  /totalist@3.0.1:
    resolution: {integrity: sha512-sf4i37nQ2LBx4m3wB74y+ubopq6W/dIzXg0FDGjsYnZHVa1Da8FH853wlL2gtUhg+xJXjfk3kUZS3BRoQeoQBQ==}
    engines: {node: '>=6'}
    dev: true

  /undici@5.22.1:
    resolution: {integrity: sha512-Ji2IJhFXZY0x/0tVBXeQwgPlLWw13GVzpsWPQ3rV50IFMMof2I55PZZxtm4P6iNq+L5znYN9nSTAq0ZyE6lSJw==}
    engines: {node: '>=14.0'}
    dependencies:
      busboy: 1.6.0
    dev: true

  /vite@4.4.6:
    resolution: {integrity: sha512-EY6Mm8vJ++S3D4tNAckaZfw3JwG3wa794Vt70M6cNJ6NxT87yhq7EC8Rcap3ahyHdo8AhCmV9PTk+vG1HiYn1A==}
    engines: {node: ^14.18.0 || >=16.0.0}
    hasBin: true
    peerDependencies:
      '@types/node': '>= 14'
      less: '*'
      lightningcss: ^1.21.0
      sass: '*'
      stylus: '*'
      sugarss: '*'
      terser: ^5.4.0
    peerDependenciesMeta:
      '@types/node':
        optional: true
      less:
        optional: true
      lightningcss:
        optional: true
      sass:
        optional: true
      stylus:
        optional: true
      sugarss:
        optional: true
      terser:
        optional: true
    dependencies:
      esbuild: 0.18.16
      postcss: 8.4.27
      rollup: 3.26.3
    optionalDependencies:
      fsevents: 2.3.2
    dev: true

  /vitefu@0.2.4(vite@4.4.6):
    resolution: {integrity: sha512-fanAXjSaf9xXtOOeno8wZXIhgia+CZury481LsDaV++lSvcU2R9Ch2bPh3PYFyoHW+w9LqAeYRISVQjUIew14g==}
    peerDependencies:
      vite: ^3.0.0 || ^4.0.0
    peerDependenciesMeta:
      vite:
        optional: true
    dependencies:
      vite: 4.4.6
    dev: true
